schema: '2.0'
stages:
  train_aqueous:
    cmd: python3 scripts/train_aqueous.py
    deps:
    - path: data/AqueousSolu.csv
      md5: a971c59bbbee6dbe768d3bdb60c7f7f6
      size: 2415802
    - path: scripts/aqueous_config.json
      md5: 22417d2500a4b8c8282e0ce01367f167
      size: 118
    - path: scripts/train_aqueous.py
      md5: 5aa39f8e557f10018b18c6f812d818b1
      size: 1852
    - path: src/dataloader.py
      md5: 93db22cf89b1216e0372a8c1987de690
      size: 7477
    - path: src/model.py
      md5: dd61320f74f218659e501d58e46ef4f2
      size: 13068
    outs:
    - path: results/aqueous/models/
      md5: 3ca7805fe8f4f17cccb0827dcaa6df54.dir
      size: 235939037
      nfiles: 2
  plot_aqueous:
    cmd: python3 scripts/explain_aqueous.py
    deps:
    - path: data/AqueousSolu.csv
      md5: a971c59bbbee6dbe768d3bdb60c7f7f6
      size: 2415802
    - path: results/aqueous/models/
      md5: 3ca7805fe8f4f17cccb0827dcaa6df54.dir
      size: 235939037
      nfiles: 2
    - path: scripts/aqueous_config.json
      md5: 22417d2500a4b8c8282e0ce01367f167
      size: 118
    - path: scripts/explain_aqueous.py
      md5: e1aca82f4e82e68369f120793c6e46ec
      size: 5106
    - path: src/dataloader.py
      md5: 93db22cf89b1216e0372a8c1987de690
      size: 7477
    - path: src/model.py
      md5: dd61320f74f218659e501d58e46ef4f2
      size: 13068
    outs:
    - path: results/aqueous/viz/
      md5: 6c8b11923caa259602c5356db452408c.dir
      size: 26754643
      nfiles: 575
  predict_aqueous:
    cmd: python3 scripts/predict_aqueous.py
    deps:
    - path: data/AqueousSolu.csv
      md5: a971c59bbbee6dbe768d3bdb60c7f7f6
      size: 2415802
    - path: results/aqueous/models/
      md5: 3ca7805fe8f4f17cccb0827dcaa6df54.dir
      size: 235939037
      nfiles: 2
    - path: scripts/aqueous_config.json
      md5: 22417d2500a4b8c8282e0ce01367f167
      size: 118
    - path: scripts/predict_aqueous.py
      md5: 3ef7e717b82020bc9010e1cd3296f386
      size: 2758
    - path: src/dataloader.py
      md5: 93db22cf89b1216e0372a8c1987de690
      size: 7477
    - path: src/model.py
      md5: dd61320f74f218659e501d58e46ef4f2
      size: 13068
    outs:
    - path: results/aqueous/AqueousSolu_predictions.csv
      md5: dc897539a9e434383ebfcd9cf6943ed8
      size: 5099078
  aqueous:
    cmd: echo "Finished full aqueous solubility pipeline"
    deps:
    - path: results/aqueous/AqueousSolu_predictions.csv
      md5: dc897539a9e434383ebfcd9cf6943ed8
      size: 5099078
    - path: results/aqueous/models/
      md5: 3ca7805fe8f4f17cccb0827dcaa6df54.dir
      size: 235939037
      nfiles: 2
    - path: results/aqueous/viz/
      md5: 6c8b11923caa259602c5356db452408c.dir
      size: 26754643
      nfiles: 575
  train_combi:
    cmd: python3 scripts/train_combi.py
    deps:
    - path: data/CombiSolu-Exp.csv
      md5: b249b75582a9ca5e7a374648b81993be
      size: 1623266
    - path: scripts/combi_config.json
      md5: c16f95d9d61dff44470face9e47952ac
      size: 123
    - path: scripts/train_combi.py
      md5: 28c24006da34b1bc755765c628a325f7
      size: 1899
    - path: src/dataloader.py
      md5: 93db22cf89b1216e0372a8c1987de690
      size: 7477
    - path: src/model.py
      md5: dd61320f74f218659e501d58e46ef4f2
      size: 13068
    outs:
    - path: results/combi/models/
      md5: 49d97cb1b6c7c7909b63f212eddd991d.dir
      size: 235939805
      nfiles: 2
  plot_combi:
    cmd: python3 scripts/explain_combi.py
    deps:
    - path: data/CombiSolu-Exp.csv
      md5: b249b75582a9ca5e7a374648b81993be
      size: 1623266
    - path: results/combi/models/
      md5: 49d97cb1b6c7c7909b63f212eddd991d.dir
      size: 235939805
      nfiles: 2
    - path: scripts/combi_config.json
      md5: c16f95d9d61dff44470face9e47952ac
      size: 123
    - path: scripts/explain_combi.py
      md5: e8179f9e59c2381bc18703d741e881ab
      size: 5001
    - path: src/dataloader.py
      md5: 93db22cf89b1216e0372a8c1987de690
      size: 7477
    - path: src/model.py
      md5: dd61320f74f218659e501d58e46ef4f2
      size: 13068
    outs:
    - path: results/combi/viz/
      md5: 5e1fb28bb5fa0312af78438394adf8ff.dir
      size: 29300564
      nfiles: 494
  combi:
    cmd: echo "Finished full combi solubility pipeline"
    deps:
    - path: results/combi/models/
      md5: 49d97cb1b6c7c7909b63f212eddd991d.dir
      size: 235939805
      nfiles: 2
    - path: results/combi/viz/
      md5: 5e1fb28bb5fa0312af78438394adf8ff.dir
      size: 29300564
      nfiles: 494
  train_shap:
    cmd: python3 scripts/train_aqueous.py
    deps:
    - path: data/AqueousSolu.csv
      md5: a971c59bbbee6dbe768d3bdb60c7f7f6
      size: 2415802
    - path: scripts/aqueous_config.json
      md5: ad60becfccc50a2cd9761056997aeafb
      size: 119
    - path: scripts/train_aqueous.py
      md5: c6a4179a1a6007b93ef420b9a00568c1
      size: 1970
    - path: src/dataloader.py
      md5: 93db22cf89b1216e0372a8c1987de690
      size: 7477
    - path: src/model.py
      md5: 7e5343a96d7684960206ec2c277c8c70
      size: 14260
    outs:
    - path: results/shap/models/
      md5: efa6710e3112aebc873601e15a39a20f.dir
      size: 235939037
      nfiles: 1
  shap:
    cmd: echo "Finished full SHAP aqueous solubility pipeline"
    deps:
    - path: results/shap/models/
      md5: efa6710e3112aebc873601e15a39a20f.dir
      size: 235939037
      nfiles: 1
    - path: results/shap/viz/
      md5: bcfa35117ce3dc3b5d56a8c4b349c04a.dir
      size: 27310046
      nfiles: 574
  plot_shap:
    cmd: python3 scripts/explain_shap.py
    deps:
    - path: data/AqueousSolu.csv
      md5: a971c59bbbee6dbe768d3bdb60c7f7f6
      size: 2415802
    - path: results/shap/models/
      md5: efa6710e3112aebc873601e15a39a20f.dir
      size: 235939037
      nfiles: 1
    - path: scripts/explain_shap.py
      md5: a642fa70b3c13245c4e832c004f89104
      size: 4514
    - path: src/explainer.py
      md5: f8c2026326c3139ef120cfbd79c5f6fe
      size: 6419
    - path: src/model.py
      md5: 7e5343a96d7684960206ec2c277c8c70
      size: 14260
    outs:
    - path: results/shap/viz/
      md5: bcfa35117ce3dc3b5d56a8c4b349c04a.dir
      size: 27310046
      nfiles: 574
  train_logp:
    cmd: python3 scripts/train_logp.py
    deps:
    - path: data/logp_dataset.csv
      md5: 75b14bb0a736a67a5f89508e8420c415
      size: 246951
    - path: scripts/logp_config.json
      md5: f7de1a7f5cefe925558db9f4ec6c013b
      size: 100
    - path: scripts/train_logp.py
      md5: c75038340328ddf869b079d5b9a9e39a
      size: 1911
    - path: src/model.py
      md5: 7e5343a96d7684960206ec2c277c8c70
      size: 14260
    - path: src/prop_loader.py
      md5: 27f739a707f74622a13a5b04fe4dc5a4
      size: 1907
    outs:
    - path: results/logp/models/
      md5: 6a65348a8355a84575341a55ecd13fcb.dir
      size: 707817111
      nfiles: 3
  plot_logp:
    cmd: python3 scripts/explain_logp.py
    deps:
    - path: data/logp_dataset.csv
      md5: 75b14bb0a736a67a5f89508e8420c415
      size: 246951
    - path: results/logp/models/
      md5: 92611c76440c2b9dd87e6438b58091c6.dir
      size: 471878074
      nfiles: 2
    - path: scripts/explain_logp.py
      md5: 888dbe84b24d640e8e315c4d74268199
      size: 6387
    - path: scripts/logp_config.json
      md5: aafe4564dfa9e70d14653161dc93f341
      size: 100
    - path: src/explainer.py
      md5: dd65fb3ccd43f56d3a95a98dc60899fe
      size: 6821
    - path: src/model.py
      md5: 7e5343a96d7684960206ec2c277c8c70
      size: 14260
    - path: src/prop_loader.py
      md5: 27f739a707f74622a13a5b04fe4dc5a4
      size: 1907
    outs:
    - path: results/logp/logp_predictions.csv
      md5: a8b2b472b8fc794535f597bb07a6f673
      size: 421364
    - path: results/logp/viz_crippen/
      md5: 1c30afed6ba264e835c8df03facc725d.dir
      size: 23100055
      nfiles: 731
    - path: results/logp/viz_ours/
      md5: 03486896f91aefb80d9b0de9fb735e48.dir
      size: 23053456
      nfiles: 731
  logp:
    cmd: echo "Finished full logP + crippen explainability pipeline"
    deps:
    - path: results/logp/models/
      md5: 92611c76440c2b9dd87e6438b58091c6.dir
      size: 471878074
      nfiles: 2
    - path: results/logp/viz_crippen/
      md5: 1c30afed6ba264e835c8df03facc725d.dir
      size: 23100055
      nfiles: 731
    - path: results/logp/viz_ours/
      md5: 03486896f91aefb80d9b0de9fb735e48.dir
      size: 23053456
      nfiles: 731
  shap_logp:
    cmd: python3 scripts/explain_shap_logp.py
    deps:
    - path: data/logp_dataset.csv
      md5: 75b14bb0a736a67a5f89508e8420c415
      size: 246951
    - path: results/logp/models/
      md5: 6a65348a8355a84575341a55ecd13fcb.dir
      size: 707817111
      nfiles: 3
    - path: scripts/explain_shap_logp.py
      md5: ea261e35ed9c3d26616dc8514cd76697
      size: 4463
    - path: scripts/logp_config.json
      md5: f7de1a7f5cefe925558db9f4ec6c013b
      size: 100
    - path: src/explainer.py
      md5: dd65fb3ccd43f56d3a95a98dc60899fe
      size: 6821
    - path: src/model.py
      md5: 7e5343a96d7684960206ec2c277c8c70
      size: 14260
    - path: src/prop_loader.py
      md5: 27f739a707f74622a13a5b04fe4dc5a4
      size: 1907
    outs:
    - path: results/logp/logp_shap_predictions.csv
      md5: 801fd61211205905cbd3ae940abba0ff
      size: 148871
    - path: results/logp/viz_shap/
      md5: f7979bc24ae772c2a60c8e353f5cf323.dir
      size: 23288533
      nfiles: 730
